
Microsoft Visual Studio Solution File, Format Version 12.00
# Visual Studio Version 16
VisualStudioVersion = 16.0.31911.196
MinimumVisualStudioVersion = 10.0.40219.1
Project("{8BC9CEB8-8B4A-11D0-8D11-00A0C91BC942}") = "TensorLab_VS", "TensorLab_VS\TensorLab_VS.vcxproj", "{00A164F1-5FFB-4E9A-8CA2-E0509C70EB64}"
EndProject
Global
	GlobalSection(SolutionConfigurationPlatforms) = preSolution
		Debug|x64 = Debug|x64
		Release|x64 = Release|x64
	EndGlobalSection
	GlobalSection(ProjectConfigurationPlatforms) = postSolution
		{00A164F1-5FFB-4E9A-8CA2-E0509C70EB64}.Debug|x64.ActiveCfg = Debug|x64
		{00A164F1-5FFB-4E9A-8CA2-E0509C70EB64}.Debug|x64.Build.0 = Debug|x64
		{00A164F1-5FFB-4E9A-8CA2-E0509C70EB64}.Release|x64.ActiveCfg = Release|x64
		{00A164F1-5FFB-4E9A-8CA2-E0509C70EB64}.Release|x64.Build.0 = Release|x64
	EndGlobalSection
	GlobalSection(SolutionProperties) = preSolution
		HideSolutionNode = FALSE
	EndGlobalSection
	GlobalSection(ExtensibilityGlobals) = postSolution
		SolutionGuid = {E980E2A9-7DF1-4DB8-AEB3-5279E8896410}
	EndGlobalSection
EndGlobal
